// !$*UTF8*$!
{
	archiveVersion = 1;
	classes = {
	};
	objectVersion = 56;
	objects = {

/* Begin PBXBuildFile section */
		4D0DED9C2B348BEA00DCADA2 /* DataManager.swift in Sources */ = {isa = PBXBuildFile; fileRef = 4D0DED9B2B348BEA00DCADA2 /* DataManager.swift */; };
		4D0DED9F2B35C2EE00DCADA2 /* CarouselView.swift in Sources */ = {isa = PBXBuildFile; fileRef = 4D0DED9E2B35C2EE00DCADA2 /* CarouselView.swift */; };
		4D0DEDA22B35C31100DCADA2 /* CarouselViewModel.swift in Sources */ = {isa = PBXBuildFile; fileRef = 4D0DEDA12B35C31100DCADA2 /* CarouselViewModel.swift */; };
		4D0E5B5A2B66A6BE00A4DA64 /* PersonalDataView.swift in Sources */ = {isa = PBXBuildFile; fileRef = 4D0E5B592B66A6BE00A4DA64 /* PersonalDataView.swift */; };
		4D1300032B3DDA87009FA35F /* ListRowView.swift in Sources */ = {isa = PBXBuildFile; fileRef = 4D1300022B3DDA87009FA35F /* ListRowView.swift */; };
		4D1300052B3DDB55009FA35F /* TileStackView.swift in Sources */ = {isa = PBXBuildFile; fileRef = 4D1300042B3DDB55009FA35F /* TileStackView.swift */; };
		4D13FFFF2B3DD970009FA35F /* TableWithButtonsView.swift in Sources */ = {isa = PBXBuildFile; fileRef = 4D13FFFE2B3DD970009FA35F /* TableWithButtonsView.swift */; };
		4DBBB06A2B320DD3005130A0 /* BasicDataView.swift in Sources */ = {isa = PBXBuildFile; fileRef = 4DBBB0692B320DD3005130A0 /* BasicDataView.swift */; };
		4DBBB06E2B320DF6005130A0 /* DetailedDataView.swift in Sources */ = {isa = PBXBuildFile; fileRef = 4DBBB06D2B320DF6005130A0 /* DetailedDataView.swift */; };
		4DBF14A22B3C476D00799468 /* Coordinator.swift in Sources */ = {isa = PBXBuildFile; fileRef = 4DBF14A12B3C476D00799468 /* Coordinator.swift */; };
		4DBF14A42B3C4B1600799468 /* CoordinatorView.swift in Sources */ = {isa = PBXBuildFile; fileRef = 4DBF14A32B3C4B1600799468 /* CoordinatorView.swift */; };
		4DBF14A72B3C8AA800799468 /* GoToDestinationButtonView.swift in Sources */ = {isa = PBXBuildFile; fileRef = 4DBF14A62B3C8AA700799468 /* GoToDestinationButtonView.swift */; };
		4DBF14AA2B3CD23400799468 /* TileView.swift in Sources */ = {isa = PBXBuildFile; fileRef = 4DBF14A92B3CD23400799468 /* TileView.swift */; };
		4DBF14AC2B3CD27E00799468 /* PriceView.swift in Sources */ = {isa = PBXBuildFile; fileRef = 4DBF14AB2B3CD27E00799468 /* PriceView.swift */; };
		4DBF14AE2B3CD2C600799468 /* RoomView.swift in Sources */ = {isa = PBXBuildFile; fileRef = 4DBF14AD2B3CD2C600799468 /* RoomView.swift */; };
		4DBF14B02B3CD35600799468 /* DataView.swift in Sources */ = {isa = PBXBuildFile; fileRef = 4DBF14AF2B3CD35600799468 /* DataView.swift */; };
		4DBF14B22B3CD3B000799468 /* CustomerInfoView.swift in Sources */ = {isa = PBXBuildFile; fileRef = 4DBF14B12B3CD3B000799468 /* CustomerInfoView.swift */; };
		4DBF14B42B3CD3F100799468 /* TouristDataView.swift in Sources */ = {isa = PBXBuildFile; fileRef = 4DBF14B32B3CD3F100799468 /* TouristDataView.swift */; };
		4DBF14B62B3CD42E00799468 /* AddTouristView.swift in Sources */ = {isa = PBXBuildFile; fileRef = 4DBF14B52B3CD42E00799468 /* AddTouristView.swift */; };
		4DBF8FE52B31C84B006FA6A7 /* HotelsTestAppApp.swift in Sources */ = {isa = PBXBuildFile; fileRef = 4DBF8FE42B31C84B006FA6A7 /* HotelsTestAppApp.swift */; };
		4DBF8FE92B31C84E006FA6A7 /* Assets.xcassets in Resources */ = {isa = PBXBuildFile; fileRef = 4DBF8FE82B31C84E006FA6A7 /* Assets.xcassets */; };
		4DBF8FEC2B31C84E006FA6A7 /* Preview Assets.xcassets in Resources */ = {isa = PBXBuildFile; fileRef = 4DBF8FEB2B31C84E006FA6A7 /* Preview Assets.xcassets */; };
		4DBF8FF32B31D548006FA6A7 /* Hotel.swift in Sources */ = {isa = PBXBuildFile; fileRef = 4DBF8FF22B31D548006FA6A7 /* Hotel.swift */; };
		4DBF8FF92B31D9B1006FA6A7 /* HotelView.swift in Sources */ = {isa = PBXBuildFile; fileRef = 4DBF8FF82B31D9B1006FA6A7 /* HotelView.swift */; };
		4DBF8FFB2B31D9C2006FA6A7 /* HotelViewModel.swift in Sources */ = {isa = PBXBuildFile; fileRef = 4DBF8FFA2B31D9C2006FA6A7 /* HotelViewModel.swift */; };
		4DBF8FFE2B31D9FB006FA6A7 /* RoomsView.swift in Sources */ = {isa = PBXBuildFile; fileRef = 4DBF8FFD2B31D9FB006FA6A7 /* RoomsView.swift */; };
		4DBF90012B31DA1C006FA6A7 /* RoomsViewModel.swift in Sources */ = {isa = PBXBuildFile; fileRef = 4DBF90002B31DA1C006FA6A7 /* RoomsViewModel.swift */; };
		4DBF90042B31DA51006FA6A7 /* BookingView.swift in Sources */ = {isa = PBXBuildFile; fileRef = 4DBF90032B31DA51006FA6A7 /* BookingView.swift */; };
		4DBF90062B31DA61006FA6A7 /* BookingViewModel.swift in Sources */ = {isa = PBXBuildFile; fileRef = 4DBF90052B31DA61006FA6A7 /* BookingViewModel.swift */; };
		4DBF90092B31DAD5006FA6A7 /* NetworkManager.swift in Sources */ = {isa = PBXBuildFile; fileRef = 4DBF90082B31DAD5006FA6A7 /* NetworkManager.swift */; };
		4DBF900C2B31FFE7006FA6A7 /* SuccessView.swift in Sources */ = {isa = PBXBuildFile; fileRef = 4DBF900B2B31FFE7006FA6A7 /* SuccessView.swift */; };
		4DE5C7AA2B5047D700E7C296 /* DataTextFieldViewModel.swift in Sources */ = {isa = PBXBuildFile; fileRef = 4DE5C7A92B5047D700E7C296 /* DataTextFieldViewModel.swift */; };
		4DE5C7AC2B504A9900E7C296 /* TextFieldContainer.swift in Sources */ = {isa = PBXBuildFile; fileRef = 4DE5C7AB2B504A9900E7C296 /* TextFieldContainer.swift */; };
		4DE5C7AE2B504AEF00E7C296 /* TextFieldCoordinator.swift in Sources */ = {isa = PBXBuildFile; fileRef = 4DE5C7AD2B504AEF00E7C296 /* TextFieldCoordinator.swift */; };
		4DEFCBF02B3CD6D7004C9988 /* HotelNameHeaderView.swift in Sources */ = {isa = PBXBuildFile; fileRef = 4DEFCBEF2B3CD6D7004C9988 /* HotelNameHeaderView.swift */; };
		4DEFCBF22B3CD700004C9988 /* DataTextFieldView.swift in Sources */ = {isa = PBXBuildFile; fileRef = 4DEFCBF12B3CD700004C9988 /* DataTextFieldView.swift */; };
		4DEFCBF72B3D9AFD004C9988 /* Extensions.swift in Sources */ = {isa = PBXBuildFile; fileRef = 4DEFCBF62B3D9AFD004C9988 /* Extensions.swift */; };
/* End PBXBuildFile section */

/* Begin PBXFileReference section */
		4D0DED9B2B348BEA00DCADA2 /* DataManager.swift */ = {isa = PBXFileReference; lastKnownFileType = sourcecode.swift; path = DataManager.swift; sourceTree = "<group>"; };
		4D0DED9E2B35C2EE00DCADA2 /* CarouselView.swift */ = {isa = PBXFileReference; lastKnownFileType = sourcecode.swift; path = CarouselView.swift; sourceTree = "<group>"; };
		4D0DEDA12B35C31100DCADA2 /* CarouselViewModel.swift */ = {isa = PBXFileReference; lastKnownFileType = sourcecode.swift; path = CarouselViewModel.swift; sourceTree = "<group>"; };
		4D0E5B592B66A6BE00A4DA64 /* PersonalDataView.swift */ = {isa = PBXFileReference; lastKnownFileType = sourcecode.swift; path = PersonalDataView.swift; sourceTree = "<group>"; };
		4D1300022B3DDA87009FA35F /* ListRowView.swift */ = {isa = PBXFileReference; lastKnownFileType = sourcecode.swift; path = ListRowView.swift; sourceTree = "<group>"; };
		4D1300042B3DDB55009FA35F /* TileStackView.swift */ = {isa = PBXFileReference; lastKnownFileType = sourcecode.swift; path = TileStackView.swift; sourceTree = "<group>"; };
		4D13FFFE2B3DD970009FA35F /* TableWithButtonsView.swift */ = {isa = PBXFileReference; lastKnownFileType = sourcecode.swift; path = TableWithButtonsView.swift; sourceTree = "<group>"; };
		4DBBB0692B320DD3005130A0 /* BasicDataView.swift */ = {isa = PBXFileReference; lastKnownFileType = sourcecode.swift; path = BasicDataView.swift; sourceTree = "<group>"; };
		4DBBB06D2B320DF6005130A0 /* DetailedDataView.swift */ = {isa = PBXFileReference; lastKnownFileType = sourcecode.swift; path = DetailedDataView.swift; sourceTree = "<group>"; };
		4DBF14A12B3C476D00799468 /* Coordinator.swift */ = {isa = PBXFileReference; lastKnownFileType = sourcecode.swift; path = Coordinator.swift; sourceTree = "<group>"; };
		4DBF14A32B3C4B1600799468 /* CoordinatorView.swift */ = {isa = PBXFileReference; lastKnownFileType = sourcecode.swift; path = CoordinatorView.swift; sourceTree = "<group>"; };
		4DBF14A62B3C8AA700799468 /* GoToDestinationButtonView.swift */ = {isa = PBXFileReference; lastKnownFileType = sourcecode.swift; path = GoToDestinationButtonView.swift; sourceTree = "<group>"; };
		4DBF14A92B3CD23400799468 /* TileView.swift */ = {isa = PBXFileReference; lastKnownFileType = sourcecode.swift; path = TileView.swift; sourceTree = "<group>"; };
		4DBF14AB2B3CD27E00799468 /* PriceView.swift */ = {isa = PBXFileReference; lastKnownFileType = sourcecode.swift; path = PriceView.swift; sourceTree = "<group>"; };
		4DBF14AD2B3CD2C600799468 /* RoomView.swift */ = {isa = PBXFileReference; lastKnownFileType = sourcecode.swift; path = RoomView.swift; sourceTree = "<group>"; };
		4DBF14AF2B3CD35600799468 /* DataView.swift */ = {isa = PBXFileReference; lastKnownFileType = sourcecode.swift; path = DataView.swift; sourceTree = "<group>"; };
		4DBF14B12B3CD3B000799468 /* CustomerInfoView.swift */ = {isa = PBXFileReference; lastKnownFileType = sourcecode.swift; path = CustomerInfoView.swift; sourceTree = "<group>"; };
		4DBF14B32B3CD3F100799468 /* TouristDataView.swift */ = {isa = PBXFileReference; lastKnownFileType = sourcecode.swift; path = TouristDataView.swift; sourceTree = "<group>"; };
		4DBF14B52B3CD42E00799468 /* AddTouristView.swift */ = {isa = PBXFileReference; lastKnownFileType = sourcecode.swift; path = AddTouristView.swift; sourceTree = "<group>"; };
		4DBF8FE12B31C84B006FA6A7 /* HotelsTestApp.app */ = {isa = PBXFileReference; explicitFileType = wrapper.application; includeInIndex = 0; path = HotelsTestApp.app; sourceTree = BUILT_PRODUCTS_DIR; };
		4DBF8FE42B31C84B006FA6A7 /* HotelsTestAppApp.swift */ = {isa = PBXFileReference; lastKnownFileType = sourcecode.swift; path = HotelsTestAppApp.swift; sourceTree = "<group>"; };
		4DBF8FE82B31C84E006FA6A7 /* Assets.xcassets */ = {isa = PBXFileReference; lastKnownFileType = folder.assetcatalog; path = Assets.xcassets; sourceTree = "<group>"; };
		4DBF8FEB2B31C84E006FA6A7 /* Preview Assets.xcassets */ = {isa = PBXFileReference; lastKnownFileType = folder.assetcatalog; path = "Preview Assets.xcassets"; sourceTree = "<group>"; };
		4DBF8FF22B31D548006FA6A7 /* Hotel.swift */ = {isa = PBXFileReference; lastKnownFileType = sourcecode.swift; path = Hotel.swift; sourceTree = "<group>"; };
		4DBF8FF82B31D9B1006FA6A7 /* HotelView.swift */ = {isa = PBXFileReference; lastKnownFileType = sourcecode.swift; path = HotelView.swift; sourceTree = "<group>"; };
		4DBF8FFA2B31D9C2006FA6A7 /* HotelViewModel.swift */ = {isa = PBXFileReference; lastKnownFileType = sourcecode.swift; path = HotelViewModel.swift; sourceTree = "<group>"; };
		4DBF8FFD2B31D9FB006FA6A7 /* RoomsView.swift */ = {isa = PBXFileReference; lastKnownFileType = sourcecode.swift; path = RoomsView.swift; sourceTree = "<group>"; };
		4DBF90002B31DA1C006FA6A7 /* RoomsViewModel.swift */ = {isa = PBXFileReference; lastKnownFileType = sourcecode.swift; path = RoomsViewModel.swift; sourceTree = "<group>"; };
		4DBF90032B31DA51006FA6A7 /* BookingView.swift */ = {isa = PBXFileReference; lastKnownFileType = sourcecode.swift; path = BookingView.swift; sourceTree = "<group>"; };
		4DBF90052B31DA61006FA6A7 /* BookingViewModel.swift */ = {isa = PBXFileReference; lastKnownFileType = sourcecode.swift; path = BookingViewModel.swift; sourceTree = "<group>"; };
		4DBF90082B31DAD5006FA6A7 /* NetworkManager.swift */ = {isa = PBXFileReference; lastKnownFileType = sourcecode.swift; path = NetworkManager.swift; sourceTree = "<group>"; };
		4DBF900B2B31FFE7006FA6A7 /* SuccessView.swift */ = {isa = PBXFileReference; lastKnownFileType = sourcecode.swift; path = SuccessView.swift; sourceTree = "<group>"; };
		4DE5C7A92B5047D700E7C296 /* DataTextFieldViewModel.swift */ = {isa = PBXFileReference; lastKnownFileType = sourcecode.swift; path = DataTextFieldViewModel.swift; sourceTree = "<group>"; };
		4DE5C7AB2B504A9900E7C296 /* TextFieldContainer.swift */ = {isa = PBXFileReference; lastKnownFileType = sourcecode.swift; path = TextFieldContainer.swift; sourceTree = "<group>"; };
		4DE5C7AD2B504AEF00E7C296 /* TextFieldCoordinator.swift */ = {isa = PBXFileReference; lastKnownFileType = sourcecode.swift; path = TextFieldCoordinator.swift; sourceTree = "<group>"; };
		4DEFCBEF2B3CD6D7004C9988 /* HotelNameHeaderView.swift */ = {isa = PBXFileReference; lastKnownFileType = sourcecode.swift; path = HotelNameHeaderView.swift; sourceTree = "<group>"; };
		4DEFCBF12B3CD700004C9988 /* DataTextFieldView.swift */ = {isa = PBXFileReference; lastKnownFileType = sourcecode.swift; path = DataTextFieldView.swift; sourceTree = "<group>"; };
		4DEFCBF62B3D9AFD004C9988 /* Extensions.swift */ = {isa = PBXFileReference; lastKnownFileType = sourcecode.swift; path = Extensions.swift; sourceTree = "<group>"; };
/* End PBXFileReference section */

/* Begin PBXFrameworksBuildPhase section */
		4DBF8FDE2B31C84B006FA6A7 /* Frameworks */ = {
			isa = PBXFrameworksBuildPhase;
			buildActionMask = 2147483647;
			files = (
			);
			runOnlyForDeploymentPostprocessing = 0;
		};
/* End PBXFrameworksBuildPhase section */

/* Begin PBXGroup section */
		4D0DEDA02B35C2FC00DCADA2 /* CarouselView */ = {
			isa = PBXGroup;
			children = (
				4D0DED9E2B35C2EE00DCADA2 /* CarouselView.swift */,
				4D0DEDA12B35C31100DCADA2 /* CarouselViewModel.swift */,
			);
			path = CarouselView;
			sourceTree = "<group>";
		};
		4DBF14A52B3C4B2A00799468 /* Coordinator */ = {
			isa = PBXGroup;
			children = (
				4DBF14A32B3C4B1600799468 /* CoordinatorView.swift */,
				4DBF14A12B3C476D00799468 /* Coordinator.swift */,
			);
			path = Coordinator;
			sourceTree = "<group>";
		};
		4DBF14A82B3CD1F100799468 /* UI */ = {
			isa = PBXGroup;
			children = (
				4DBF14A62B3C8AA700799468 /* GoToDestinationButtonView.swift */,
				4DBF14A92B3CD23400799468 /* TileView.swift */,
				4DBF14AB2B3CD27E00799468 /* PriceView.swift */,
				4DBF14AF2B3CD35600799468 /* DataView.swift */,
				4DEFCBEF2B3CD6D7004C9988 /* HotelNameHeaderView.swift */,
				4D13FFFE2B3DD970009FA35F /* TableWithButtonsView.swift */,
				4D1300022B3DDA87009FA35F /* ListRowView.swift */,
				4D1300042B3DDB55009FA35F /* TileStackView.swift */,
			);
			path = UI;
			sourceTree = "<group>";
		};
		4DBF8FD82B31C84B006FA6A7 = {
			isa = PBXGroup;
			children = (
				4DBF8FE32B31C84B006FA6A7 /* HotelsTestApp */,
				4DBF8FE22B31C84B006FA6A7 /* Products */,
			);
			sourceTree = "<group>";
		};
		4DBF8FE22B31C84B006FA6A7 /* Products */ = {
			isa = PBXGroup;
			children = (
				4DBF8FE12B31C84B006FA6A7 /* HotelsTestApp.app */,
			);
			name = Products;
			sourceTree = "<group>";
		};
		4DBF8FE32B31C84B006FA6A7 /* HotelsTestApp */ = {
			isa = PBXGroup;
			children = (
				4DBF8FE42B31C84B006FA6A7 /* HotelsTestAppApp.swift */,
				4DBF14A52B3C4B2A00799468 /* Coordinator */,
				4DBF8FF72B31D98B006FA6A7 /* HotelView */,
				4DBF8FFC2B31D9DE006FA6A7 /* RoomsView */,
				4DBF90022B31DA2D006FA6A7 /* BookingView */,
				4D0DEDA02B35C2FC00DCADA2 /* CarouselView */,
				4DBF900A2B31FFB9006FA6A7 /* SuccessView */,
				4DE5C7A82B50479700E7C296 /* TextFieldView */,
				4DBF14A82B3CD1F100799468 /* UI */,
				4DBF8FF62B31D871006FA6A7 /* Models */,
				4DBF90072B31DAA3006FA6A7 /* Services */,
				4DEFCBF32B3D9ACD004C9988 /* Extensions */,
				4DBF8FE82B31C84E006FA6A7 /* Assets.xcassets */,
				4DBF8FEA2B31C84E006FA6A7 /* Preview Content */,
			);
			path = HotelsTestApp;
			sourceTree = "<group>";
		};
		4DBF8FEA2B31C84E006FA6A7 /* Preview Content */ = {
			isa = PBXGroup;
			children = (
				4DBF8FEB2B31C84E006FA6A7 /* Preview Assets.xcassets */,
			);
			path = "Preview Content";
			sourceTree = "<group>";
		};
		4DBF8FF62B31D871006FA6A7 /* Models */ = {
			isa = PBXGroup;
			children = (
				4DBF8FF22B31D548006FA6A7 /* Hotel.swift */,
			);
			path = Models;
			sourceTree = "<group>";
		};
		4DBF8FF72B31D98B006FA6A7 /* HotelView */ = {
			isa = PBXGroup;
			children = (
				4DBF8FF82B31D9B1006FA6A7 /* HotelView.swift */,
				4DBF8FFA2B31D9C2006FA6A7 /* HotelViewModel.swift */,
				4DBBB0692B320DD3005130A0 /* BasicDataView.swift */,
				4DBBB06D2B320DF6005130A0 /* DetailedDataView.swift */,
			);
			path = HotelView;
			sourceTree = "<group>";
		};
		4DBF8FFC2B31D9DE006FA6A7 /* RoomsView */ = {
			isa = PBXGroup;
			children = (
				4DBF8FFD2B31D9FB006FA6A7 /* RoomsView.swift */,
				4DBF90002B31DA1C006FA6A7 /* RoomsViewModel.swift */,
				4DBF14AD2B3CD2C600799468 /* RoomView.swift */,
			);
			path = RoomsView;
			sourceTree = "<group>";
		};
		4DBF90022B31DA2D006FA6A7 /* BookingView */ = {
			isa = PBXGroup;
			children = (
				4DBF90032B31DA51006FA6A7 /* BookingView.swift */,
				4DBF90052B31DA61006FA6A7 /* BookingViewModel.swift */,
				4DBF14B12B3CD3B000799468 /* CustomerInfoView.swift */,
				4DBF14B32B3CD3F100799468 /* TouristDataView.swift */,
				4DBF14B52B3CD42E00799468 /* AddTouristView.swift */,
				4D0E5B592B66A6BE00A4DA64 /* PersonalDataView.swift */,
			);
			path = BookingView;
			sourceTree = "<group>";
		};
		4DBF90072B31DAA3006FA6A7 /* Services */ = {
			isa = PBXGroup;
			children = (
				4DBF90082B31DAD5006FA6A7 /* NetworkManager.swift */,
				4D0DED9B2B348BEA00DCADA2 /* DataManager.swift */,
			);
			path = Services;
			sourceTree = "<group>";
		};
		4DBF900A2B31FFB9006FA6A7 /* SuccessView */ = {
			isa = PBXGroup;
			children = (
				4DBF900B2B31FFE7006FA6A7 /* SuccessView.swift */,
			);
			path = SuccessView;
			sourceTree = "<group>";
		};
		4DE5C7A82B50479700E7C296 /* TextFieldView */ = {
			isa = PBXGroup;
			children = (
				4DEFCBF12B3CD700004C9988 /* DataTextFieldView.swift */,
				4DE5C7A92B5047D700E7C296 /* DataTextFieldViewModel.swift */,
				4DE5C7AB2B504A9900E7C296 /* TextFieldContainer.swift */,
				4DE5C7AD2B504AEF00E7C296 /* TextFieldCoordinator.swift */,
			);
			path = TextFieldView;
			sourceTree = "<group>";
		};
		4DEFCBF32B3D9ACD004C9988 /* Extensions */ = {
			isa = PBXGroup;
			children = (
				4DEFCBF62B3D9AFD004C9988 /* Extensions.swift */,
			);
			path = Extensions;
			sourceTree = "<group>";
		};
/* End PBXGroup section */

/* Begin PBXNativeTarget section */
		4DBF8FE02B31C84B006FA6A7 /* HotelsTestApp */ = {
			isa = PBXNativeTarget;
			buildConfigurationList = 4DBF8FEF2B31C84E006FA6A7 /* Build configuration list for PBXNativeTarget "HotelsTestApp" */;
			buildPhases = (
				4DBF8FDD2B31C84B006FA6A7 /* Sources */,
				4DBF8FDE2B31C84B006FA6A7 /* Frameworks */,
				4DBF8FDF2B31C84B006FA6A7 /* Resources */,
			);
			buildRules = (
			);
			dependencies = (
			);
			name = HotelsTestApp;
			productName = HotelsTestApp;
			productReference = 4DBF8FE12B31C84B006FA6A7 /* HotelsTestApp.app */;
			productType = "com.apple.product-type.application";
		};
/* End PBXNativeTarget section */

/* Begin PBXProject section */
		4DBF8FD92B31C84B006FA6A7 /* Project object */ = {
			isa = PBXProject;
			attributes = {
				BuildIndependentTargetsInParallel = 1;
				LastSwiftUpdateCheck = 1500;
				LastUpgradeCheck = 1500;
				TargetAttributes = {
					4DBF8FE02B31C84B006FA6A7 = {
						CreatedOnToolsVersion = 15.0.1;
					};
				};
			};
			buildConfigurationList = 4DBF8FDC2B31C84B006FA6A7 /* Build configuration list for PBXProject "HotelsTestApp" */;
			compatibilityVersion = "Xcode 14.0";
			developmentRegion = en;
			hasScannedForEncodings = 0;
			knownRegions = (
				en,
				Base,
			);
			mainGroup = 4DBF8FD82B31C84B006FA6A7;
			productRefGroup = 4DBF8FE22B31C84B006FA6A7 /* Products */;
			projectDirPath = "";
			projectRoot = "";
			targets = (
				4DBF8FE02B31C84B006FA6A7 /* HotelsTestApp */,
			);
		};
/* End PBXProject section */

/* Begin PBXResourcesBuildPhase section */
		4DBF8FDF2B31C84B006FA6A7 /* Resources */ = {
			isa = PBXResourcesBuildPhase;
			buildActionMask = 2147483647;
			files = (
				4DBF8FEC2B31C84E006FA6A7 /* Preview Assets.xcassets in Resources */,
				4DBF8FE92B31C84E006FA6A7 /* Assets.xcassets in Resources */,
			);
			runOnlyForDeploymentPostprocessing = 0;
		};
/* End PBXResourcesBuildPhase section */

/* Begin PBXSourcesBuildPhase section */
		4DBF8FDD2B31C84B006FA6A7 /* Sources */ = {
			isa = PBXSourcesBuildPhase;
			buildActionMask = 2147483647;
			files = (
				4DBF14A22B3C476D00799468 /* Coordinator.swift in Sources */,
				4DBF90042B31DA51006FA6A7 /* BookingView.swift in Sources */,
				4DE5C7AE2B504AEF00E7C296 /* TextFieldCoordinator.swift in Sources */,
				4DBBB06A2B320DD3005130A0 /* BasicDataView.swift in Sources */,
				4DBF14AE2B3CD2C600799468 /* RoomView.swift in Sources */,
				4DE5C7AC2B504A9900E7C296 /* TextFieldContainer.swift in Sources */,
				4DBF8FF32B31D548006FA6A7 /* Hotel.swift in Sources */,
				4DEFCBF02B3CD6D7004C9988 /* HotelNameHeaderView.swift in Sources */,
				4DE5C7AA2B5047D700E7C296 /* DataTextFieldViewModel.swift in Sources */,
				4D1300052B3DDB55009FA35F /* TileStackView.swift in Sources */,
				4DBF14AC2B3CD27E00799468 /* PriceView.swift in Sources */,
				4DEFCBF22B3CD700004C9988 /* DataTextFieldView.swift in Sources */,
				4DBF14A42B3C4B1600799468 /* CoordinatorView.swift in Sources */,
				4DBF14B42B3CD3F100799468 /* TouristDataView.swift in Sources */,
				4D0E5B5A2B66A6BE00A4DA64 /* PersonalDataView.swift in Sources */,
				4D0DED9C2B348BEA00DCADA2 /* DataManager.swift in Sources */,
				4DBF14B02B3CD35600799468 /* DataView.swift in Sources */,
				4D0DED9F2B35C2EE00DCADA2 /* CarouselView.swift in Sources */,
				4DBF90092B31DAD5006FA6A7 /* NetworkManager.swift in Sources */,
				4DBF14AA2B3CD23400799468 /* TileView.swift in Sources */,
				4DBF8FF92B31D9B1006FA6A7 /* HotelView.swift in Sources */,
				4DBF8FFE2B31D9FB006FA6A7 /* RoomsView.swift in Sources */,
				4D1300032B3DDA87009FA35F /* ListRowView.swift in Sources */,
				4DBF14B22B3CD3B000799468 /* CustomerInfoView.swift in Sources */,
				4DBF8FE52B31C84B006FA6A7 /* HotelsTestAppApp.swift in Sources */,
				4DBBB06E2B320DF6005130A0 /* DetailedDataView.swift in Sources */,
				4D13FFFF2B3DD970009FA35F /* TableWithButtonsView.swift in Sources */,
				4DBF900C2B31FFE7006FA6A7 /* SuccessView.swift in Sources */,
				4DBF90012B31DA1C006FA6A7 /* RoomsViewModel.swift in Sources */,
				4DBF14A72B3C8AA800799468 /* GoToDestinationButtonView.swift in Sources */,
				4DBF90062B31DA61006FA6A7 /* BookingViewModel.swift in Sources */,
				4D0DEDA22B35C31100DCADA2 /* CarouselViewModel.swift in Sources */,
				4DBF8FFB2B31D9C2006FA6A7 /* HotelViewModel.swift in Sources */,
				4DBF14B62B3CD42E00799468 /* AddTouristView.swift in Sources */,
				4DEFCBF72B3D9AFD004C9988 /* Extensions.swift in Sources */,
			);
			runOnlyForDeploymentPostprocessing = 0;
		};
/* End PBXSourcesBuildPhase section */

/* Begin XCBuildConfiguration section */
		4DBF8FED2B31C84E006FA6A7 /* Debug */ = {
			isa = XCBuildConfiguration;
			buildSettings = {
				ALWAYS_SEARCH_USER_PATHS = NO;
				ASSETCATALOG_COMPILER_GENERATE_SWIFT_ASSET_SYMBOL_EXTENSIONS = YES;
				CLANG_ANALYZER_NONNULL = YES;
				CLANG_ANALYZER_NUMBER_OBJECT_CONVERSION = YES_AGGRESSIVE;
				CLANG_CXX_LANGUAGE_STANDARD = "gnu++20";
				CLANG_ENABLE_MODULES = YES;
				CLANG_ENABLE_OBJC_ARC = YES;
				CLANG_ENABLE_OBJC_WEAK = YES;
				CLANG_WARN_BLOCK_CAPTURE_AUTORELEASING = YES;
				CLANG_WARN_BOOL_CONVERSION = YES;
				CLANG_WARN_COMMA = YES;
				CLANG_WARN_CONSTANT_CONVERSION = YES;
				CLANG_WARN_DEPRECATED_OBJC_IMPLEMENTATIONS = YES;
				CLANG_WARN_DIRECT_OBJC_ISA_USAGE = YES_ERROR;
				CLANG_WARN_DOCUMENTATION_COMMENTS = YES;
				CLANG_WARN_EMPTY_BODY = YES;
				CLANG_WARN_ENUM_CONVERSION = YES;
				CLANG_WARN_INFINITE_RECURSION = YES;
				CLANG_WARN_INT_CONVERSION = YES;
				CLANG_WARN_NON_LITERAL_NULL_CONVERSION = YES;
				CLANG_WARN_OBJC_IMPLICIT_RETAIN_SELF = YES;
				CLANG_WARN_OBJC_LITERAL_CONVERSION = YES;
				CLANG_WARN_OBJC_ROOT_CLASS = YES_ERROR;
				CLANG_WARN_QUOTED_INCLUDE_IN_FRAMEWORK_HEADER = YES;
				CLANG_WARN_RANGE_LOOP_ANALYSIS = YES;
				CLANG_WARN_STRICT_PROTOTYPES = YES;
				CLANG_WARN_SUSPICIOUS_MOVE = YES;
				CLANG_WARN_UNGUARDED_AVAILABILITY = YES_AGGRESSIVE;
				CLANG_WARN_UNREACHABLE_CODE = YES;
				CLANG_WARN__DUPLICATE_METHOD_MATCH = YES;
				COPY_PHASE_STRIP = NO;
				DEBUG_INFORMATION_FORMAT = dwarf;
				ENABLE_STRICT_OBJC_MSGSEND = YES;
				ENABLE_TESTABILITY = YES;
				ENABLE_USER_SCRIPT_SANDBOXING = YES;
				GCC_C_LANGUAGE_STANDARD = gnu17;
				GCC_DYNAMIC_NO_PIC = NO;
				GCC_NO_COMMON_BLOCKS = YES;
				GCC_OPTIMIZATION_LEVEL = 0;
				GCC_PREPROCESSOR_DEFINITIONS = (
					"DEBUG=1",
					"$(inherited)",
				);
				GCC_WARN_64_TO_32_BIT_CONVERSION = YES;
				GCC_WARN_ABOUT_RETURN_TYPE = YES_ERROR;
				GCC_WARN_UNDECLARED_SELECTOR = YES;
				GCC_WARN_UNINITIALIZED_AUTOS = YES_AGGRESSIVE;
				GCC_WARN_UNUSED_FUNCTION = YES;
				GCC_WARN_UNUSED_VARIABLE = YES;
				IPHONEOS_DEPLOYMENT_TARGET = 17.0;
				LOCALIZATION_PREFERS_STRING_CATALOGS = YES;
				MTL_ENABLE_DEBUG_INFO = INCLUDE_SOURCE;
				MTL_FAST_MATH = YES;
				ONLY_ACTIVE_ARCH = YES;
				SDKROOT = iphoneos;
				SWIFT_ACTIVE_COMPILATION_CONDITIONS = "DEBUG $(inherited)";
				SWIFT_OPTIMIZATION_LEVEL = "-Onone";
			};
			name = Debug;
		};
		4DBF8FEE2B31C84E006FA6A7 /* Release */ = {
			isa = XCBuildConfiguration;
			buildSettings = {
				ALWAYS_SEARCH_USER_PATHS = NO;
				ASSETCATALOG_COMPILER_GENERATE_SWIFT_ASSET_SYMBOL_EXTENSIONS = YES;
				CLANG_ANALYZER_NONNULL = YES;
				CLANG_ANALYZER_NUMBER_OBJECT_CONVERSION = YES_AGGRESSIVE;
				CLANG_CXX_LANGUAGE_STANDARD = "gnu++20";
				CLANG_ENABLE_MODULES = YES;
				CLANG_ENABLE_OBJC_ARC = YES;
				CLANG_ENABLE_OBJC_WEAK = YES;
				CLANG_WARN_BLOCK_CAPTURE_AUTORELEASING = YES;
				CLANG_WARN_BOOL_CONVERSION = YES;
				CLANG_WARN_COMMA = YES;
				CLANG_WARN_CONSTANT_CONVERSION = YES;
				CLANG_WARN_DEPRECATED_OBJC_IMPLEMENTATIONS = YES;
				CLANG_WARN_DIRECT_OBJC_ISA_USAGE = YES_ERROR;
				CLANG_WARN_DOCUMENTATION_COMMENTS = YES;
				CLANG_WARN_EMPTY_BODY = YES;
				CLANG_WARN_ENUM_CONVERSION = YES;
				CLANG_WARN_INFINITE_RECURSION = YES;
				CLANG_WARN_INT_CONVERSION = YES;
				CLANG_WARN_NON_LITERAL_NULL_CONVERSION = YES;
				CLANG_WARN_OBJC_IMPLICIT_RETAIN_SELF = YES;
				CLANG_WARN_OBJC_LITERAL_CONVERSION = YES;
				CLANG_WARN_OBJC_ROOT_CLASS = YES_ERROR;
				CLANG_WARN_QUOTED_INCLUDE_IN_FRAMEWORK_HEADER = YES;
				CLANG_WARN_RANGE_LOOP_ANALYSIS = YES;
				CLANG_WARN_STRICT_PROTOTYPES = YES;
				CLANG_WARN_SUSPICIOUS_MOVE = YES;
				CLANG_WARN_UNGUARDED_AVAILABILITY = YES_AGGRESSIVE;
				CLANG_WARN_UNREACHABLE_CODE = YES;
				CLANG_WARN__DUPLICATE_METHOD_MATCH = YES;
				COPY_PHASE_STRIP = NO;
				DEBUG_INFORMATION_FORMAT = "dwarf-with-dsym";
				ENABLE_NS_ASSERTIONS = NO;
				ENABLE_STRICT_OBJC_MSGSEND = YES;
				ENABLE_USER_SCRIPT_SANDBOXING = YES;
				GCC_C_LANGUAGE_STANDARD = gnu17;
				GCC_NO_COMMON_BLOCKS = YES;
				GCC_WARN_64_TO_32_BIT_CONVERSION = YES;
				GCC_WARN_ABOUT_RETURN_TYPE = YES_ERROR;
				GCC_WARN_UNDECLARED_SELECTOR = YES;
				GCC_WARN_UNINITIALIZED_AUTOS = YES_AGGRESSIVE;
				GCC_WARN_UNUSED_FUNCTION = YES;
				GCC_WARN_UNUSED_VARIABLE = YES;
				IPHONEOS_DEPLOYMENT_TARGET = 17.0;
				LOCALIZATION_PREFERS_STRING_CATALOGS = YES;
				MTL_ENABLE_DEBUG_INFO = NO;
				MTL_FAST_MATH = YES;
				SDKROOT = iphoneos;
				SWIFT_COMPILATION_MODE = wholemodule;
				VALIDATE_PRODUCT = YES;
			};
			name = Release;
		};
		4DBF8FF02B31C84E006FA6A7 /* Debug */ = {
			isa = XCBuildConfiguration;
			buildSettings = {
				ASSETCATALOG_COMPILER_APPICON_NAME = AppIcon;
				ASSETCATALOG_COMPILER_GLOBAL_ACCENT_COLOR_NAME = AccentColor;
				CODE_SIGN_STYLE = Automatic;
				CURRENT_PROJECT_VERSION = 1;
				DEVELOPMENT_ASSET_PATHS = "\"HotelsTestApp/Preview Content\"";
				DEVELOPMENT_TEAM = WT86C553FH;
				ENABLE_PREVIEWS = YES;
				GENERATE_INFOPLIST_FILE = YES;
				INFOPLIST_FILE = HotelsTestApp/Info.plist;
				INFOPLIST_KEY_UIApplicationSceneManifest_Generation = YES;
				INFOPLIST_KEY_UIApplicationSupportsIndirectInputEvents = YES;
				INFOPLIST_KEY_UILaunchScreen_Generation = YES;
				INFOPLIST_KEY_UISupportedInterfaceOrientations_iPad = "UIInterfaceOrientationPortrait UIInterfaceOrientationPortraitUpsideDown UIInterfaceOrientationLandscapeLeft UIInterfaceOrientationLandscapeRight";
				INFOPLIST_KEY_UISupportedInterfaceOrientations_iPhone = "UIInterfaceOrientationPortrait UIInterfaceOrientationLandscapeLeft UIInterfaceOrientationLandscapeRight";
				LD_RUNPATH_SEARCH_PATHS = (
					"$(inherited)",
					"@executable_path/Frameworks",
				);
				MARKETING_VERSION = 1.0;
				PRODUCT_BUNDLE_IDENTIFIER = "Dmitrii-Melnikov.HotelsTestApp";
				PRODUCT_NAME = "$(TARGET_NAME)";
				SWIFT_EMIT_LOC_STRINGS = YES;
				SWIFT_VERSION = 5.0;
				TARGETED_DEVICE_FAMILY = "1,2";
			};
			name = Debug;
		};
		4DBF8FF12B31C84E006FA6A7 /* Release */ = {
			isa = XCBuildConfiguration;
			buildSettings = {
				ASSETCATALOG_COMPILER_APPICON_NAME = AppIcon;
				ASSETCATALOG_COMPILER_GLOBAL_ACCENT_COLOR_NAME = AccentColor;
				CODE_SIGN_STYLE = Automatic;
				CURRENT_PROJECT_VERSION = 1;
				DEVELOPMENT_ASSET_PATHS = "\"HotelsTestApp/Preview Content\"";
				DEVELOPMENT_TEAM = WT86C553FH;
				ENABLE_PREVIEWS = YES;
				GENERATE_INFOPLIST_FILE = YES;
				INFOPLIST_FILE = HotelsTestApp/Info.plist;
				INFOPLIST_KEY_UIApplicationSceneManifest_Generation = YES;
				INFOPLIST_KEY_UIApplicationSupportsIndirectInputEvents = YES;
				INFOPLIST_KEY_UILaunchScreen_Generation = YES;
				INFOPLIST_KEY_UISupportedInterfaceOrientations_iPad = "UIInterfaceOrientationPortrait UIInterfaceOrientationPortraitUpsideDown UIInterfaceOrientationLandscapeLeft UIInterfaceOrientationLandscapeRight";
				INFOPLIST_KEY_UISupportedInterfaceOrientations_iPhone = "UIInterfaceOrientationPortrait UIInterfaceOrientationLandscapeLeft UIInterfaceOrientationLandscapeRight";
				LD_RUNPATH_SEARCH_PATHS = (
					"$(inherited)",
					"@executable_path/Frameworks",
				);
				MARKETING_VERSION = 1.0;
				PRODUCT_BUNDLE_IDENTIFIER = "Dmitrii-Melnikov.HotelsTestApp";
				PRODUCT_NAME = "$(TARGET_NAME)";
				SWIFT_EMIT_LOC_STRINGS = YES;
				SWIFT_VERSION = 5.0;
				TARGETED_DEVICE_FAMILY = "1,2";
			};
			name = Release;
		};
/* End XCBuildConfiguration section */

/* Begin XCConfigurationList section */
		4DBF8FDC2B31C84B006FA6A7 /* Build configuration list for PBXProject "HotelsTestApp" */ = {
			isa = XCConfigurationList;
			buildConfigurations = (
				4DBF8FED2B31C84E006FA6A7 /* Debug */,
				4DBF8FEE2B31C84E006FA6A7 /* Release */,
			);
			defaultConfigurationIsVisible = 0;
			defaultConfigurationName = Release;
		};
		4DBF8FEF2B31C84E006FA6A7 /* Build configuration list for PBXNativeTarget "HotelsTestApp" */ = {
			isa = XCConfigurationList;
			buildConfigurations = (
				4DBF8FF02B31C84E006FA6A7 /* Debug */,
				4DBF8FF12B31C84E006FA6A7 /* Release */,
			);
			defaultConfigurationIsVisible = 0;
			defaultConfigurationName = Release;
		};
/* End XCConfigurationList section */
	};
	rootObject = 4DBF8FD92B31C84B006FA6A7 /* Project object */;
}
